
Microsoft Visual Studio Solution File, Format Version 12.00
# Visual Studio Version 17
VisualStudioVersion = 17.8.34525.116
MinimumVisualStudioVersion = 10.0.40219.1
Project("{9A19103F-16F7-4668-BE54-9A1E7A4F7556}") = "RideHailing.Application", "Application\RideHailing.Application.csproj", "{580E2946-F8BD-402D-9B56-3030695AB016}"
EndProject
Project("{9A19103F-16F7-4668-BE54-9A1E7A4F7556}") = "RideHailing.Domain", "Domain\RideHailing.Domain.csproj", "{D6049494-FC94-4D71-BAF0-EDF98A3A0744}"
EndProject
Project("{9A19103F-16F7-4668-BE54-9A1E7A4F7556}") = "RideHailing.Infrastructure", "Infrastructure\RideHailing.Infrastructure.csproj", "{5D4D08B3-4097-47AE-AFE3-4EC568B54A2C}"
EndProject
Project("{FAE04EC0-301F-11D3-BF4B-00C04F79EFBC}") = "RideHailing.API", "RideHailing.API\RideHailing.API.csproj", "{50E23EAC-8158-4812-AE19-CCE26D03313D}"
EndProject
Global
	GlobalSection(SolutionConfigurationPlatforms) = preSolution
		Debug|Any CPU = Debug|Any CPU
		Release|Any CPU = Release|Any CPU
	EndGlobalSection
	GlobalSection(ProjectConfigurationPlatforms) = postSolution
		{580E2946-F8BD-402D-9B56-3030695AB016}.Debug|Any CPU.ActiveCfg = Debug|Any CPU
		{580E2946-F8BD-402D-9B56-3030695AB016}.Debug|Any CPU.Build.0 = Debug|Any CPU
		{580E2946-F8BD-402D-9B56-3030695AB016}.Release|Any CPU.ActiveCfg = Release|Any CPU
		{580E2946-F8BD-402D-9B56-3030695AB016}.Release|Any CPU.Build.0 = Release|Any CPU
		{D6049494-FC94-4D71-BAF0-EDF98A3A0744}.Debug|Any CPU.ActiveCfg = Debug|Any CPU
		{D6049494-FC94-4D71-BAF0-EDF98A3A0744}.Debug|Any CPU.Build.0 = Debug|Any CPU
		{D6049494-FC94-4D71-BAF0-EDF98A3A0744}.Release|Any CPU.ActiveCfg = Release|Any CPU
		{D6049494-FC94-4D71-BAF0-EDF98A3A0744}.Release|Any CPU.Build.0 = Release|Any CPU
		{5D4D08B3-4097-47AE-AFE3-4EC568B54A2C}.Debug|Any CPU.ActiveCfg = Debug|Any CPU
		{5D4D08B3-4097-47AE-AFE3-4EC568B54A2C}.Debug|Any CPU.Build.0 = Debug|Any CPU
		{5D4D08B3-4097-47AE-AFE3-4EC568B54A2C}.Release|Any CPU.ActiveCfg = Release|Any CPU
		{5D4D08B3-4097-47AE-AFE3-4EC568B54A2C}.Release|Any CPU.Build.0 = Release|Any CPU
		{50E23EAC-8158-4812-AE19-CCE26D03313D}.Debug|Any CPU.ActiveCfg = Debug|Any CPU
		{50E23EAC-8158-4812-AE19-CCE26D03313D}.Debug|Any CPU.Build.0 = Debug|Any CPU
		{50E23EAC-8158-4812-AE19-CCE26D03313D}.Release|Any CPU.ActiveCfg = Release|Any CPU
		{50E23EAC-8158-4812-AE19-CCE26D03313D}.Release|Any CPU.Build.0 = Release|Any CPU
	EndGlobalSection
	GlobalSection(SolutionProperties) = preSolution
		HideSolutionNode = FALSE
	EndGlobalSection
	GlobalSection(ExtensibilityGlobals) = postSolution
		SolutionGuid = {805D27F3-B083-4EAF-8C33-10B49B1A4F42}
	EndGlobalSection
EndGlobal
